
Microsoft Visual Studio Solution File, Format Version 12.00
# Visual Studio 14
VisualStudioVersion = 14.0.23107.0
MinimumVisualStudioVersion = 10.0.40219.1
Project("{FAE04EC0-301F-11D3-BF4B-00C04F79EFBC}") = "BankKata", "BankKata\BankKata.csproj", "{57D01A9D-4B39-4A95-9A01-8529EC1D36EB}"
EndProject
Project("{FAE04EC0-301F-11D3-BF4B-00C04F79EFBC}") = "BankKata.Test", "BankKata.Test\BankKata.Test.csproj", "{FA5AFDDB-4C44-4D1C-88AB-8FDFEB155D32}"
EndProject
Global
	GlobalSection(SolutionConfigurationPlatforms) = preSolution
		Debug|Any CPU = Debug|Any CPU
		Release|Any CPU = Release|Any CPU
	EndGlobalSection
	GlobalSection(ProjectConfigurationPlatforms) = postSolution
		{57D01A9D-4B39-4A95-9A01-8529EC1D36EB}.Debug|Any CPU.ActiveCfg = Debug|Any CPU
		{57D01A9D-4B39-4A95-9A01-8529EC1D36EB}.Debug|Any CPU.Build.0 = Debug|Any CPU
		{57D01A9D-4B39-4A95-9A01-8529EC1D36EB}.Release|Any CPU.ActiveCfg = Release|Any CPU
		{57D01A9D-4B39-4A95-9A01-8529EC1D36EB}.Release|Any CPU.Build.0 = Release|Any CPU
		{FA5AFDDB-4C44-4D1C-88AB-8FDFEB155D32}.Debug|Any CPU.ActiveCfg = Debug|Any CPU
		{FA5AFDDB-4C44-4D1C-88AB-8FDFEB155D32}.Debug|Any CPU.Build.0 = Debug|Any CPU
		{FA5AFDDB-4C44-4D1C-88AB-8FDFEB155D32}.Release|Any CPU.ActiveCfg = Release|Any CPU
		{FA5AFDDB-4C44-4D1C-88AB-8FDFEB155D32}.Release|Any CPU.Build.0 = Release|Any CPU
	EndGlobalSection
	GlobalSection(SolutionProperties) = preSolution
		HideSolutionNode = FALSE
	EndGlobalSection
EndGlobal
